PODS:
  - Alamofire (4.8.2)
  - Differentiator (3.1.0)
  - RxAlamofire (4.3.0):
    - RxAlamofire/Core (= 4.3.0)
  - RxAlamofire/Core (4.3.0):
    - Alamofire (~> 4.5)
    - RxSwift (~> 4)
  - RxCocoa (4.3.1):
    - RxSwift (~> 4.0)
  - RxDataSources (3.1.0):
    - Differentiator (~> 3.0)
    - RxCocoa (~> 4.0)
    - RxSwift (~> 4.0)
  - RxGesture (2.0.1):
    - RxCocoa (~> 4.3.1)
    - RxSwift (~> 4.3.1)
  - RxSwift (4.3.1)

DEPENDENCIES:
  - RxAlamofire
  - RxCocoa (~> 4.0)
  - RxDataSources (~> 3.0)
  - RxGesture (= 2.0.1)
  - RxSwift (~> 4.0)

SPEC REPOS:
  https://github.com/cocoapods/specs.git:
    - Alamofire
    - Differentiator
    - RxAlamofire
    - RxCocoa
    - RxDataSources
    - RxGesture
    - RxSwift

SPEC CHECKSUMS:
  Alamofire: ae5c501addb7afdbb13687d7f2f722c78734c2d3
  Differentiator: be49ca3408f0ecfc761e4c7763d20c62be01b9ad
  RxAlamofire: 09624d0f2d48ed8b686e4eb4cf68e28cbd2df556
  RxCocoa: 78763c7b07d02455598d9fc3c1ad091a28b73635
  RxDataSources: a843bad90c29817f5923ec8163f4af2de084ceb3
  RxGesture: 26ede4ed13ffc6336d29dbd9a8dff229bdb72de7
  RxSwift: fe0fd770a43acdb7d0a53da411c9b892e69bb6e4

PODFILE CHECKSUM: 80b0f0ab30e47e0f297af7a458b34f9c6c03de75

COCOAPODS: 1.5.3
