// !$*UTF8*$!
{
	archiveVersion = 1;
	classes = {
	};
	objectVersion = 50;
	objects = {

/* Begin PBXBuildFile section */
		06FC0D02D1711BC056C4A4A3 /* Pods_TWB_iosTests.framework in Frameworks */ = {isa = PBXBuildFile; fileRef = 9EDB496C7EDAC6DA111039FF /* Pods_TWB_iosTests.framework */; };
		A9DEF8DF4BABAED0389468EF /* Pods_TWB_ios.framework in Frameworks */ = {isa = PBXBuildFile; fileRef = 57C7477B010C85142A82C838 /* Pods_TWB_ios.framework */; };
		D3CFAC482282A7D100E58E2E /* AppDelegate.swift in Sources */ = {isa = PBXBuildFile; fileRef = D3CFAC472282A7D100E58E2E /* AppDelegate.swift */; };
		D3CFAC4A2282A7D100E58E2E /* ViewController.swift in Sources */ = {isa = PBXBuildFile; fileRef = D3CFAC492282A7D100E58E2E /* ViewController.swift */; };
		D3CFAC4D2282A7D100E58E2E /* Main.storyboard in Resources */ = {isa = PBXBuildFile; fileRef = D3CFAC4B2282A7D100E58E2E /* Main.storyboard */; };
		D3CFAC4F2282A7D400E58E2E /* Assets.xcassets in Resources */ = {isa = PBXBuildFile; fileRef = D3CFAC4E2282A7D400E58E2E /* Assets.xcassets */; };
		D3CFAC522282A7D400E58E2E /* LaunchScreen.storyboard in Resources */ = {isa = PBXBuildFile; fileRef = D3CFAC502282A7D400E58E2E /* LaunchScreen.storyboard */; };
		D3CFAC5D2282A7D400E58E2E /* TWB_iosTests.swift in Sources */ = {isa = PBXBuildFile; fileRef = D3CFAC5C2282A7D400E58E2E /* TWB_iosTests.swift */; };
		D3CFAC682282A7D400E58E2E /* TWB_iosUITests.swift in Sources */ = {isa = PBXBuildFile; fileRef = D3CFAC672282A7D400E58E2E /* TWB_iosUITests.swift */; };
		F0A3E348DE4AD306F89C19C3 /* Pods_TWB_iosUITests.framework in Frameworks */ = {isa = PBXBuildFile; fileRef = 43A0817CF359819FE7D20BE3 /* Pods_TWB_iosUITests.framework */; };
/* End PBXBuildFile section */

/* Begin PBXContainerItemProxy section */
		D3CFAC592282A7D400E58E2E /* PBXContainerItemProxy */ = {
			isa = PBXContainerItemProxy;
			containerPortal = D3CFAC3C2282A7D100E58E2E /* Project object */;
			proxyType = 1;
			remoteGlobalIDString = D3CFAC432282A7D100E58E2E;
			remoteInfo = "TWB-ios";
		};
		D3CFAC642282A7D400E58E2E /* PBXContainerItemProxy */ = {
			isa = PBXContainerItemProxy;
			containerPortal = D3CFAC3C2282A7D100E58E2E /* Project object */;
			proxyType = 1;
			remoteGlobalIDString = D3CFAC432282A7D100E58E2E;
			remoteInfo = "TWB-ios";
		};
/* End PBXContainerItemProxy section */

/* Begin PBXFileReference section */
		065D5D72D565E0A898CD3AA3 /* Pods-TWB-ios.release.xcconfig */ = {isa = PBXFileReference; includeInIndex = 1; lastKnownFileType = text.xcconfig; name = "Pods-TWB-ios.release.xcconfig"; path = "Pods/Target Support Files/Pods-TWB-ios/Pods-TWB-ios.release.xcconfig"; sourceTree = "<group>"; };
		0FF18DC9DD6BD367523061B6 /* Pods-TWB-iosUITests.debug.xcconfig */ = {isa = PBXFileReference; includeInIndex = 1; lastKnownFileType = text.xcconfig; name = "Pods-TWB-iosUITests.debug.xcconfig"; path = "Pods/Target Support Files/Pods-TWB-iosUITests/Pods-TWB-iosUITests.debug.xcconfig"; sourceTree = "<group>"; };
		171CBE930B5F011A219F1147 /* Pods-TWB-ios.debug.xcconfig */ = {isa = PBXFileReference; includeInIndex = 1; lastKnownFileType = text.xcconfig; name = "Pods-TWB-ios.debug.xcconfig"; path = "Pods/Target Support Files/Pods-TWB-ios/Pods-TWB-ios.debug.xcconfig"; sourceTree = "<group>"; };
		43A0817CF359819FE7D20BE3 /* Pods_TWB_iosUITests.framework */ = {isa = PBXFileReference; explicitFileType = wrapper.framework; includeInIndex = 0; path = Pods_TWB_iosUITests.framework; sourceTree = BUILT_PRODUCTS_DIR; };
		57C7477B010C85142A82C838 /* Pods_TWB_ios.framework */ = {isa = PBXFileReference; explicitFileType = wrapper.framework; includeInIndex = 0; path = Pods_TWB_ios.framework; sourceTree = BUILT_PRODUCTS_DIR; };
		7B2A94A393A20918FEA67442 /* Pods-TWB-iosUITests.release.xcconfig */ = {isa = PBXFileReference; includeInIndex = 1; lastKnownFileType = text.xcconfig; name = "Pods-TWB-iosUITests.release.xcconfig"; path = "Pods/Target Support Files/Pods-TWB-iosUITests/Pods-TWB-iosUITests.release.xcconfig"; sourceTree = "<group>"; };
		9EDB496C7EDAC6DA111039FF /* Pods_TWB_iosTests.framework */ = {isa = PBXFileReference; explicitFileType = wrapper.framework; includeInIndex = 0; path = Pods_TWB_iosTests.framework; sourceTree = BUILT_PRODUCTS_DIR; };
		B4130F4B51FF5E89975822C8 /* Pods-TWB-iosTests.debug.xcconfig */ = {isa = PBXFileReference; includeInIndex = 1; lastKnownFileType = text.xcconfig; name = "Pods-TWB-iosTests.debug.xcconfig"; path = "Pods/Target Support Files/Pods-TWB-iosTests/Pods-TWB-iosTests.debug.xcconfig"; sourceTree = "<group>"; };
		D3CFAC442282A7D100E58E2E /* TWB-ios.app */ = {isa = PBXFileReference; explicitFileType = wrapper.application; includeInIndex = 0; path = "TWB-ios.app"; sourceTree = BUILT_PRODUCTS_DIR; };
		D3CFAC472282A7D100E58E2E /* AppDelegate.swift */ = {isa = PBXFileReference; lastKnownFileType = sourcecode.swift; path = AppDelegate.swift; sourceTree = "<group>"; };
		D3CFAC492282A7D100E58E2E /* ViewController.swift */ = {isa = PBXFileReference; lastKnownFileType = sourcecode.swift; path = ViewController.swift; sourceTree = "<group>"; };
		D3CFAC4C2282A7D100E58E2E /* Base */ = {isa = PBXFileReference; lastKnownFileType = file.storyboard; name = Base; path = Base.lproj/Main.storyboard; sourceTree = "<group>"; };
		D3CFAC4E2282A7D400E58E2E /* Assets.xcassets */ = {isa = PBXFileReference; lastKnownFileType = folder.assetcatalog; path = Assets.xcassets; sourceTree = "<group>"; };
		D3CFAC512282A7D400E58E2E /* Base */ = {isa = PBXFileReference; lastKnownFileType = file.storyboard; name = Base; path = Base.lproj/LaunchScreen.storyboard; sourceTree = "<group>"; };
		D3CFAC532282A7D400E58E2E /* Info.plist */ = {isa = PBXFileReference; lastKnownFileType = text.plist.xml; path = Info.plist; sourceTree = "<group>"; };
		D3CFAC582282A7D400E58E2E /* TWB-iosTests.xctest */ = {isa = PBXFileReference; explicitFileType = wrapper.cfbundle; includeInIndex = 0; path = "TWB-iosTests.xctest"; sourceTree = BUILT_PRODUCTS_DIR; };
		D3CFAC5C2282A7D400E58E2E /* TWB_iosTests.swift */ = {isa = PBXFileReference; lastKnownFileType = sourcecode.swift; path = TWB_iosTests.swift; sourceTree = "<group>"; };
		D3CFAC5E2282A7D400E58E2E /* Info.plist */ = {isa = PBXFileReference; lastKnownFileType = text.plist.xml; path = Info.plist; sourceTree = "<group>"; };
		D3CFAC632282A7D400E58E2E /* TWB-iosUITests.xctest */ = {isa = PBXFileReference; explicitFileType = wrapper.cfbundle; includeInIndex = 0; path = "TWB-iosUITests.xctest"; sourceTree = BUILT_PRODUCTS_DIR; };
		D3CFAC672282A7D400E58E2E /* TWB_iosUITests.swift */ = {isa = PBXFileReference; lastKnownFileType = sourcecode.swift; path = TWB_iosUITests.swift; sourceTree = "<group>"; };
		D3CFAC692282A7D400E58E2E /* Info.plist */ = {isa = PBXFileReference; lastKnownFileType = text.plist.xml; path = Info.plist; sourceTree = "<group>"; };
		F6AB724989FC037A35E78621 /* Pods-TWB-iosTests.release.xcconfig */ = {isa = PBXFileReference; includeInIndex = 1; lastKnownFileType = text.xcconfig; name = "Pods-TWB-iosTests.release.xcconfig"; path = "Pods/Target Support Files/Pods-TWB-iosTests/Pods-TWB-iosTests.release.xcconfig"; sourceTree = "<group>"; };
/* End PBXFileReference section */

/* Begin PBXFrameworksBuildPhase section */
		D3CFAC412282A7D100E58E2E /* Frameworks */ = {
			isa = PBXFrameworksBuildPhase;
			buildActionMask = 2147483647;
			files = (
				A9DEF8DF4BABAED0389468EF /* Pods_TWB_ios.framework in Frameworks */,
			);
			runOnlyForDeploymentPostprocessing = 0;
		};
		D3CFAC552282A7D400E58E2E /* Frameworks */ = {
			isa = PBXFrameworksBuildPhase;
			buildActionMask = 2147483647;
			files = (
				06FC0D02D1711BC056C4A4A3 /* Pods_TWB_iosTests.framework in Frameworks */,
			);
			runOnlyForDeploymentPostprocessing = 0;
		};
		D3CFAC602282A7D400E58E2E /* Frameworks */ = {
			isa = PBXFrameworksBuildPhase;
			buildActionMask = 2147483647;
			files = (
				F0A3E348DE4AD306F89C19C3 /* Pods_TWB_iosUITests.framework in Frameworks */,
			);
			runOnlyForDeploymentPostprocessing = 0;
		};
/* End PBXFrameworksBuildPhase section */

/* Begin PBXGroup section */
		53B588F55FD6DCBE1C223EB2 /* Pods */ = {
			isa = PBXGroup;
			children = (
				171CBE930B5F011A219F1147 /* Pods-TWB-ios.debug.xcconfig */,
				065D5D72D565E0A898CD3AA3 /* Pods-TWB-ios.release.xcconfig */,
				B4130F4B51FF5E89975822C8 /* Pods-TWB-iosTests.debug.xcconfig */,
				F6AB724989FC037A35E78621 /* Pods-TWB-iosTests.release.xcconfig */,
				0FF18DC9DD6BD367523061B6 /* Pods-TWB-iosUITests.debug.xcconfig */,
				7B2A94A393A20918FEA67442 /* Pods-TWB-iosUITests.release.xcconfig */,
			);
			name = Pods;
			sourceTree = "<group>";
		};
		544957BE5847003D1B86ACB1 /* Frameworks */ = {
			isa = PBXGroup;
			children = (
				57C7477B010C85142A82C838 /* Pods_TWB_ios.framework */,
				9EDB496C7EDAC6DA111039FF /* Pods_TWB_iosTests.framework */,
				43A0817CF359819FE7D20BE3 /* Pods_TWB_iosUITests.framework */,
			);
			name = Frameworks;
			sourceTree = "<group>";
		};
		D3CFAC3B2282A7D100E58E2E = {
			isa = PBXGroup;
			children = (
				D3CFAC462282A7D100E58E2E /* TWB-ios */,
				D3CFAC5B2282A7D400E58E2E /* TWB-iosTests */,
				D3CFAC662282A7D400E58E2E /* TWB-iosUITests */,
				D3CFAC452282A7D100E58E2E /* Products */,
				53B588F55FD6DCBE1C223EB2 /* Pods */,
				544957BE5847003D1B86ACB1 /* Frameworks */,
			);
			sourceTree = "<group>";
		};
		D3CFAC452282A7D100E58E2E /* Products */ = {
			isa = PBXGroup;
			children = (
				D3CFAC442282A7D100E58E2E /* TWB-ios.app */,
				D3CFAC582282A7D400E58E2E /* TWB-iosTests.xctest */,
				D3CFAC632282A7D400E58E2E /* TWB-iosUITests.xctest */,
			);
			name = Products;
			sourceTree = "<group>";
		};
		D3CFAC462282A7D100E58E2E /* TWB-ios */ = {
			isa = PBXGroup;
			children = (
				D3CFAC472282A7D100E58E2E /* AppDelegate.swift */,
				D3CFAC492282A7D100E58E2E /* ViewController.swift */,
				D3CFAC4B2282A7D100E58E2E /* Main.storyboard */,
				D3CFAC4E2282A7D400E58E2E /* Assets.xcassets */,
				D3CFAC502282A7D400E58E2E /* LaunchScreen.storyboard */,
				D3CFAC532282A7D400E58E2E /* Info.plist */,
			);
			path = "TWB-ios";
			sourceTree = "<group>";
		};
		D3CFAC5B2282A7D400E58E2E /* TWB-iosTests */ = {
			isa = PBXGroup;
			children = (
				D3CFAC5C2282A7D400E58E2E /* TWB_iosTests.swift */,
				D3CFAC5E2282A7D400E58E2E /* Info.plist */,
			);
			path = "TWB-iosTests";
			sourceTree = "<group>";
		};
		D3CFAC662282A7D400E58E2E /* TWB-iosUITests */ = {
			isa = PBXGroup;
			children = (
				D3CFAC672282A7D400E58E2E /* TWB_iosUITests.swift */,
				D3CFAC692282A7D400E58E2E /* Info.plist */,
			);
			path = "TWB-iosUITests";
			sourceTree = "<group>";
		};
/* End PBXGroup section */

/* Begin PBXNativeTarget section */
		D3CFAC432282A7D100E58E2E /* TWB-ios */ = {
			isa = PBXNativeTarget;
			buildConfigurationList = D3CFAC6C2282A7D400E58E2E /* Build configuration list for PBXNativeTarget "TWB-ios" */;
			buildPhases = (
				185A6F60E1850A64F82D9DDE /* [CP] Check Pods Manifest.lock */,
				D3CFAC402282A7D100E58E2E /* Sources */,
				D3CFAC412282A7D100E58E2E /* Frameworks */,
				D3CFAC422282A7D100E58E2E /* Resources */,
			);
			buildRules = (
			);
			dependencies = (
			);
			name = "TWB-ios";
			productName = "TWB-ios";
			productReference = D3CFAC442282A7D100E58E2E /* TWB-ios.app */;
			productType = "com.apple.product-type.application";
		};
		D3CFAC572282A7D400E58E2E /* TWB-iosTests */ = {
			isa = PBXNativeTarget;
			buildConfigurationList = D3CFAC6F2282A7D400E58E2E /* Build configuration list for PBXNativeTarget "TWB-iosTests" */;
			buildPhases = (
				666754F0C6627FA968EDD207 /* [CP] Check Pods Manifest.lock */,
				D3CFAC542282A7D400E58E2E /* Sources */,
				D3CFAC552282A7D400E58E2E /* Frameworks */,
				D3CFAC562282A7D400E58E2E /* Resources */,
			);
			buildRules = (
			);
			dependencies = (
				D3CFAC5A2282A7D400E58E2E /* PBXTargetDependency */,
			);
			name = "TWB-iosTests";
			productName = "TWB-iosTests";
			productReference = D3CFAC582282A7D400E58E2E /* TWB-iosTests.xctest */;
			productType = "com.apple.product-type.bundle.unit-test";
		};
		D3CFAC622282A7D400E58E2E /* TWB-iosUITests */ = {
			isa = PBXNativeTarget;
			buildConfigurationList = D3CFAC722282A7D400E58E2E /* Build configuration list for PBXNativeTarget "TWB-iosUITests" */;
			buildPhases = (
				66324BD270D9594CE4C2D873 /* [CP] Check Pods Manifest.lock */,
				D3CFAC5F2282A7D400E58E2E /* Sources */,
				D3CFAC602282A7D400E58E2E /* Frameworks */,
				D3CFAC612282A7D400E58E2E /* Resources */,
			);
			buildRules = (
			);
			dependencies = (
				D3CFAC652282A7D400E58E2E /* PBXTargetDependency */,
			);
			name = "TWB-iosUITests";
			productName = "TWB-iosUITests";
			productReference = D3CFAC632282A7D400E58E2E /* TWB-iosUITests.xctest */;
			productType = "com.apple.product-type.bundle.ui-testing";
		};
/* End PBXNativeTarget section */

/* Begin PBXProject section */
		D3CFAC3C2282A7D100E58E2E /* Project object */ = {
			isa = PBXProject;
			attributes = {
				LastSwiftUpdateCheck = 1020;
				LastUpgradeCheck = 1020;
				ORGANIZATIONNAME = Brian;
				TargetAttributes = {
					D3CFAC432282A7D100E58E2E = {
						CreatedOnToolsVersion = 10.2.1;
					};
					D3CFAC572282A7D400E58E2E = {
						CreatedOnToolsVersion = 10.2.1;
						TestTargetID = D3CFAC432282A7D100E58E2E;
					};
					D3CFAC622282A7D400E58E2E = {
						CreatedOnToolsVersion = 10.2.1;
						TestTargetID = D3CFAC432282A7D100E58E2E;
					};
				};
			};
			buildConfigurationList = D3CFAC3F2282A7D100E58E2E /* Build configuration list for PBXProject "TWB-ios" */;
			compatibilityVersion = "Xcode 9.3";
			developmentRegion = en;
			hasScannedForEncodings = 0;
			knownRegions = (
				en,
				Base,
			);
			mainGroup = D3CFAC3B2282A7D100E58E2E;
			productRefGroup = D3CFAC452282A7D100E58E2E /* Products */;
			projectDirPath = "";
			projectRoot = "";
			targets = (
				D3CFAC432282A7D100E58E2E /* TWB-ios */,
				D3CFAC572282A7D400E58E2E /* TWB-iosTests */,
				D3CFAC622282A7D400E58E2E /* TWB-iosUITests */,
			);
		};
/* End PBXProject section */

/* Begin PBXResourcesBuildPhase section */
		D3CFAC422282A7D100E58E2E /* Resources */ = {
			isa = PBXResourcesBuildPhase;
			buildActionMask = 2147483647;
			files = (
				D3CFAC522282A7D400E58E2E /* LaunchScreen.storyboard in Resources */,
				D3CFAC4F2282A7D400E58E2E /* Assets.xcassets in Resources */,
				D3CFAC4D2282A7D100E58E2E /* Main.storyboard in Resources */,
			);
			runOnlyForDeploymentPostprocessing = 0;
		};
		D3CFAC562282A7D400E58E2E /* Resources */ = {
			isa = PBXResourcesBuildPhase;
			buildActionMask = 2147483647;
			files = (
			);
			runOnlyForDeploymentPostprocessing = 0;
		};
		D3CFAC612282A7D400E58E2E /* Resources */ = {
			isa = PBXResourcesBuildPhase;
			buildActionMask = 2147483647;
			files = (
			);
			runOnlyForDeploymentPostprocessing = 0;
		};
/* End PBXResourcesBuildPhase section */

/* Begin PBXShellScriptBuildPhase section */
		185A6F60E1850A64F82D9DDE /* [CP] Check Pods Manifest.lock */ = {
			isa = PBXShellScriptBuildPhase;
			buildActionMask = 2147483647;
			files = (
			);
			inputFileListPaths = (
			);
			inputPaths = (
				"${PODS_PODFILE_DIR_PATH}/Podfile.lock",
				"${PODS_ROOT}/Manifest.lock",
			);
			name = "[CP] Check Pods Manifest.lock";
			outputFileListPaths = (
			);
			outputPaths = (
				"$(DERIVED_FILE_DIR)/Pods-TWB-ios-checkManifestLockResult.txt",
			);
			runOnlyForDeploymentPostprocessing = 0;
			shellPath = /bin/sh;
			shellScript = "diff \"${PODS_PODFILE_DIR_PATH}/Podfile.lock\" \"${PODS_ROOT}/Manifest.lock\" > /dev/null\nif [ $? != 0 ] ; then\n    # print error to STDERR\n    echo \"error: The sandbox is not in sync with the Podfile.lock. Run 'pod install' or update your CocoaPods installation.\" >&2\n    exit 1\nfi\n# This output is used by Xcode 'outputs' to avoid re-running this script phase.\necho \"SUCCESS\" > \"${SCRIPT_OUTPUT_FILE_0}\"\n";
			showEnvVarsInLog = 0;
		};
		66324BD270D9594CE4C2D873 /* [CP] Check Pods Manifest.lock */ = {
			isa = PBXShellScriptBuildPhase;
			buildActionMask = 2147483647;
			files = (
			);
			inputFileListPaths = (
			);
			inputPaths = (
				"${PODS_PODFILE_DIR_PATH}/Podfile.lock",
				"${PODS_ROOT}/Manifest.lock",
			);
			name = "[CP] Check Pods Manifest.lock";
			outputFileListPaths = (
			);
			outputPaths = (
				"$(DERIVED_FILE_DIR)/Pods-TWB-iosUITests-checkManifestLockResult.txt",
			);
			runOnlyForDeploymentPostprocessing = 0;
			shellPath = /bin/sh;
			shellScript = "diff \"${PODS_PODFILE_DIR_PATH}/Podfile.lock\" \"${PODS_ROOT}/Manifest.lock\" > /dev/null\nif [ $? != 0 ] ; then\n    # print error to STDERR\n    echo \"error: The sandbox is not in sync with the Podfile.lock. Run 'pod install' or update your CocoaPods installation.\" >&2\n    exit 1\nfi\n# This output is used by Xcode 'outputs' to avoid re-running this script phase.\necho \"SUCCESS\" > \"${SCRIPT_OUTPUT_FILE_0}\"\n";
			showEnvVarsInLog = 0;
		};
		666754F0C6627FA968EDD207 /* [CP] Check Pods Manifest.lock */ = {
			isa = PBXShellScriptBuildPhase;
			buildActionMask = 2147483647;
			files = (
			);
			inputFileListPaths = (
			);
			inputPaths = (
				"${PODS_PODFILE_DIR_PATH}/Podfile.lock",
				"${PODS_ROOT}/Manifest.lock",
			);
			name = "[CP] Check Pods Manifest.lock";
			outputFileListPaths = (
			);
			outputPaths = (
				"$(DERIVED_FILE_DIR)/Pods-TWB-iosTests-checkManifestLockResult.txt",
			);
			runOnlyForDeploymentPostprocessing = 0;
			shellPath = /bin/sh;
			shellScript = "diff \"${PODS_PODFILE_DIR_PATH}/Podfile.lock\" \"${PODS_ROOT}/Manifest.lock\" > /dev/null\nif [ $? != 0 ] ; then\n    # print error to STDERR\n    echo \"error: The sandbox is not in sync with the Podfile.lock. Run 'pod install' or update your CocoaPods installation.\" >&2\n    exit 1\nfi\n# This output is used by Xcode 'outputs' to avoid re-running this script phase.\necho \"SUCCESS\" > \"${SCRIPT_OUTPUT_FILE_0}\"\n";
			showEnvVarsInLog = 0;
		};
/* End PBXShellScriptBuildPhase section */

/* Begin PBXSourcesBuildPhase section */
		D3CFAC402282A7D100E58E2E /* Sources */ = {
			isa = PBXSourcesBuildPhase;
			buildActionMask = 2147483647;
			files = (
				D3CFAC4A2282A7D100E58E2E /* ViewController.swift in Sources */,
				D3CFAC482282A7D100E58E2E /* AppDelegate.swift in Sources */,
			);
			runOnlyForDeploymentPostprocessing = 0;
		};
		D3CFAC542282A7D400E58E2E /* Sources */ = {
			isa = PBXSourcesBuildPhase;
			buildActionMask = 2147483647;
			files = (
				D3CFAC5D2282A7D400E58E2E /* TWB_iosTests.swift in Sources */,
			);
			runOnlyForDeploymentPostprocessing = 0;
		};
		D3CFAC5F2282A7D400E58E2E /* Sources */ = {
			isa = PBXSourcesBuildPhase;
			buildActionMask = 2147483647;
			files = (
				D3CFAC682282A7D400E58E2E /* TWB_iosUITests.swift in Sources */,
			);
			runOnlyForDeploymentPostprocessing = 0;
		};
/* End PBXSourcesBuildPhase section */

/* Begin PBXTargetDependency section */
		D3CFAC5A2282A7D400E58E2E /* PBXTargetDependency */ = {
			isa = PBXTargetDependency;
			target = D3CFAC432282A7D100E58E2E /* TWB-ios */;
			targetProxy = D3CFAC592282A7D400E58E2E /* PBXContainerItemProxy */;
		};
		D3CFAC652282A7D400E58E2E /* PBXTargetDependency */ = {
			isa = PBXTargetDependency;
			target = D3CFAC432282A7D100E58E2E /* TWB-ios */;
			targetProxy = D3CFAC642282A7D400E58E2E /* PBXContainerItemProxy */;
		};
/* End PBXTargetDependency section */

/* Begin PBXVariantGroup section */
		D3CFAC4B2282A7D100E58E2E /* Main.storyboard */ = {
			isa = PBXVariantGroup;
			children = (
				D3CFAC4C2282A7D100E58E2E /* Base */,
			);
			name = Main.storyboard;
			sourceTree = "<group>";
		};
		D3CFAC502282A7D400E58E2E /* LaunchScreen.storyboard */ = {
			isa = PBXVariantGroup;
			children = (
				D3CFAC512282A7D400E58E2E /* Base */,
			);
			name = LaunchScreen.storyboard;
			sourceTree = "<group>";
		};
/* End PBXVariantGroup section */

/* Begin XCBuildConfiguration section */
		D3CFAC6A2282A7D400E58E2E /* Debug */ = {
			isa = XCBuildConfiguration;
			buildSettings = {
				ALWAYS_SEARCH_USER_PATHS = NO;
				CLANG_ANALYZER_NONNULL = YES;
				CLANG_ANALYZER_NUMBER_OBJECT_CONVERSION = YES_AGGRESSIVE;
				CLANG_CXX_LANGUAGE_STANDARD = "gnu++14";
				CLANG_CXX_LIBRARY = "libc++";
				CLANG_ENABLE_MODULES = YES;
				CLANG_ENABLE_OBJC_ARC = YES;
				CLANG_ENABLE_OBJC_WEAK = YES;
				CLANG_WARN_BLOCK_CAPTURE_AUTORELEASING = YES;
				CLANG_WARN_BOOL_CONVERSION = YES;
				CLANG_WARN_COMMA = YES;
				CLANG_WARN_CONSTANT_CONVERSION = YES;
				CLANG_WARN_DEPRECATED_OBJC_IMPLEMENTATIONS = YES;
				CLANG_WARN_DIRECT_OBJC_ISA_USAGE = YES_ERROR;
				CLANG_WARN_DOCUMENTATION_COMMENTS = YES;
				CLANG_WARN_EMPTY_BODY = YES;
				CLANG_WARN_ENUM_CONVERSION = YES;
				CLANG_WARN_INFINITE_RECURSION = YES;
				CLANG_WARN_INT_CONVERSION = YES;
				CLANG_WARN_NON_LITERAL_NULL_CONVERSION = YES;
				CLANG_WARN_OBJC_IMPLICIT_RETAIN_SELF = YES;
				CLANG_WARN_OBJC_LITERAL_CONVERSION = YES;
				CLANG_WARN_OBJC_ROOT_CLASS = YES_ERROR;
				CLANG_WARN_RANGE_LOOP_ANALYSIS = YES;
				CLANG_WARN_STRICT_PROTOTYPES = YES;
				CLANG_WARN_SUSPICIOUS_MOVE = YES;
				CLANG_WARN_UNGUARDED_AVAILABILITY = YES_AGGRESSIVE;
				CLANG_WARN_UNREACHABLE_CODE = YES;
				CLANG_WARN__DUPLICATE_METHOD_MATCH = YES;
				CODE_SIGN_IDENTITY = "iPhone Developer";
				COPY_PHASE_STRIP = NO;
				DEBUG_INFORMATION_FORMAT = dwarf;
				ENABLE_STRICT_OBJC_MSGSEND = YES;
				ENABLE_TESTABILITY = YES;
				GCC_C_LANGUAGE_STANDARD = gnu11;
				GCC_DYNAMIC_NO_PIC = NO;
				GCC_NO_COMMON_BLOCKS = YES;
				GCC_OPTIMIZATION_LEVEL = 0;
				GCC_PREPROCESSOR_DEFINITIONS = (
					"DEBUG=1",
					"$(inherited)",
				);
				GCC_WARN_64_TO_32_BIT_CONVERSION = YES;
				GCC_WARN_ABOUT_RETURN_TYPE = YES_ERROR;
				GCC_WARN_UNDECLARED_SELECTOR = YES;
				GCC_WARN_UNINITIALIZED_AUTOS = YES_AGGRESSIVE;
				GCC_WARN_UNUSED_FUNCTION = YES;
				GCC_WARN_UNUSED_VARIABLE = YES;
				IPHONEOS_DEPLOYMENT_TARGET = 12.2;
				MTL_ENABLE_DEBUG_INFO = INCLUDE_SOURCE;
				MTL_FAST_MATH = YES;
				ONLY_ACTIVE_ARCH = YES;
				SDKROOT = iphoneos;
				SWIFT_ACTIVE_COMPILATION_CONDITIONS = DEBUG;
				SWIFT_OPTIMIZATION_LEVEL = "-Onone";
			};
			name = Debug;
		};
		D3CFAC6B2282A7D400E58E2E /* Release */ = {
			isa = XCBuildConfiguration;
			buildSettings = {
				ALWAYS_SEARCH_USER_PATHS = NO;
				CLANG_ANALYZER_NONNULL = YES;
				CLANG_ANALYZER_NUMBER_OBJECT_CONVERSION = YES_AGGRESSIVE;
				CLANG_CXX_LANGUAGE_STANDARD = "gnu++14";
				CLANG_CXX_LIBRARY = "libc++";
				CLANG_ENABLE_MODULES = YES;
				CLANG_ENABLE_OBJC_ARC = YES;
				CLANG_ENABLE_OBJC_WEAK = YES;
				CLANG_WARN_BLOCK_CAPTURE_AUTORELEASING = YES;
				CLANG_WARN_BOOL_CONVERSION = YES;
				CLANG_WARN_COMMA = YES;
				CLANG_WARN_CONSTANT_CONVERSION = YES;
				CLANG_WARN_DEPRECATED_OBJC_IMPLEMENTATIONS = YES;
				CLANG_WARN_DIRECT_OBJC_ISA_USAGE = YES_ERROR;
				CLANG_WARN_DOCUMENTATION_COMMENTS = YES;
				CLANG_WARN_EMPTY_BODY = YES;
				CLANG_WARN_ENUM_CONVERSION = YES;
				CLANG_WARN_INFINITE_RECURSION = YES;
				CLANG_WARN_INT_CONVERSION = YES;
				CLANG_WARN_NON_LITERAL_NULL_CONVERSION = YES;
				CLANG_WARN_OBJC_IMPLICIT_RETAIN_SELF = YES;
				CLANG_WARN_OBJC_LITERAL_CONVERSION = YES;
				CLANG_WARN_OBJC_ROOT_CLASS = YES_ERROR;
				CLANG_WARN_RANGE_LOOP_ANALYSIS = YES;
				CLANG_WARN_STRICT_PROTOTYPES = YES;
				CLANG_WARN_SUSPICIOUS_MOVE = YES;
				CLANG_WARN_UNGUARDED_AVAILABILITY = YES_AGGRESSIVE;
				CLANG_WARN_UNREACHABLE_CODE = YES;
				CLANG_WARN__DUPLICATE_METHOD_MATCH = YES;
				CODE_SIGN_IDENTITY = "iPhone Developer";
				COPY_PHASE_STRIP = NO;
				DEBUG_INFORMATION_FORMAT = "dwarf-with-dsym";
				ENABLE_NS_ASSERTIONS = NO;
				ENABLE_STRICT_OBJC_MSGSEND = YES;
				GCC_C_LANGUAGE_STANDARD = gnu11;
				GCC_NO_COMMON_BLOCKS = YES;
				GCC_WARN_64_TO_32_BIT_CONVERSION = YES;
				GCC_WARN_ABOUT_RETURN_TYPE = YES_ERROR;
				GCC_WARN_UNDECLARED_SELECTOR = YES;
				GCC_WARN_UNINITIALIZED_AUTOS = YES_AGGRESSIVE;
				GCC_WARN_UNUSED_FUNCTION = YES;
				GCC_WARN_UNUSED_VARIABLE = YES;
				IPHONEOS_DEPLOYMENT_TARGET = 12.2;
				MTL_ENABLE_DEBUG_INFO = NO;
				MTL_FAST_MATH = YES;
				SDKROOT = iphoneos;
				SWIFT_COMPILATION_MODE = wholemodule;
				SWIFT_OPTIMIZATION_LEVEL = "-O";
				VALIDATE_PRODUCT = YES;
			};
			name = Release;
		};
		D3CFAC6D2282A7D400E58E2E /* Debug */ = {
			isa = XCBuildConfiguration;
			baseConfigurationReference = 171CBE930B5F011A219F1147 /* Pods-TWB-ios.debug.xcconfig */;
			buildSettings = {
				ASSETCATALOG_COMPILER_APPICON_NAME = AppIcon;
				CODE_SIGN_STYLE = Automatic;
				DEVELOPMENT_TEAM = 43YS42KYHM;
				INFOPLIST_FILE = "TWB-ios/Info.plist";
				LD_RUNPATH_SEARCH_PATHS = (
					"$(inherited)",
					"@executable_path/Frameworks",
				);
				PRODUCT_BUNDLE_IDENTIFIER = "twb.conwaybrian.com.twbios.TWB-ios";
				PRODUCT_NAME = "$(TARGET_NAME)";
				SWIFT_VERSION = 5.0;
				TARGETED_DEVICE_FAMILY = "1,2";
			};
			name = Debug;
		};
		D3CFAC6E2282A7D400E58E2E /* Release */ = {
			isa = XCBuildConfiguration;
			baseConfigurationReference = 065D5D72D565E0A898CD3AA3 /* Pods-TWB-ios.release.xcconfig */;
			buildSettings = {
				ASSETCATALOG_COMPILER_APPICON_NAME = AppIcon;
				CODE_SIGN_STYLE = Automatic;
				DEVELOPMENT_TEAM = 43YS42KYHM;
				INFOPLIST_FILE = "TWB-ios/Info.plist";
				LD_RUNPATH_SEARCH_PATHS = (
					"$(inherited)",
					"@executable_path/Frameworks",
				);
				PRODUCT_BUNDLE_IDENTIFIER = "twb.conwaybrian.com.twbios.TWB-ios";
				PRODUCT_NAME = "$(TARGET_NAME)";
				SWIFT_VERSION = 5.0;
				TARGETED_DEVICE_FAMILY = "1,2";
			};
			name = Release;
		};
		D3CFAC702282A7D400E58E2E /* Debug */ = {
			isa = XCBuildConfiguration;
			baseConfigurationReference = B4130F4B51FF5E89975822C8 /* Pods-TWB-iosTests.debug.xcconfig */;
			buildSettings = {
				ALWAYS_EMBED_SWIFT_STANDARD_LIBRARIES = YES;
				BUNDLE_LOADER = "$(TEST_HOST)";
				CODE_SIGN_STYLE = Automatic;
				DEVELOPMENT_TEAM = 43YS42KYHM;
				INFOPLIST_FILE = "TWB-iosTests/Info.plist";
				LD_RUNPATH_SEARCH_PATHS = (
					"$(inherited)",
					"@executable_path/Frameworks",
					"@loader_path/Frameworks",
				);
				PRODUCT_BUNDLE_IDENTIFIER = "twb.conwaybrian.com.twbios.TWB-iosTests";
				PRODUCT_NAME = "$(TARGET_NAME)";
				SWIFT_VERSION = 5.0;
				TARGETED_DEVICE_FAMILY = "1,2";
				TEST_HOST = "$(BUILT_PRODUCTS_DIR)/TWB-ios.app/TWB-ios";
			};
			name = Debug;
		};
		D3CFAC712282A7D400E58E2E /* Release */ = {
			isa = XCBuildConfiguration;
			baseConfigurationReference = F6AB724989FC037A35E78621 /* Pods-TWB-iosTests.release.xcconfig */;
			buildSettings = {
				ALWAYS_EMBED_SWIFT_STANDARD_LIBRARIES = YES;
				BUNDLE_LOADER = "$(TEST_HOST)";
				CODE_SIGN_STYLE = Automatic;
				DEVELOPMENT_TEAM = 43YS42KYHM;
				INFOPLIST_FILE = "TWB-iosTests/Info.plist";
				LD_RUNPATH_SEARCH_PATHS = (
					"$(inherited)",
					"@executable_path/Frameworks",
					"@loader_path/Frameworks",
				);
				PRODUCT_BUNDLE_IDENTIFIER = "twb.conwaybrian.com.twbios.TWB-iosTests";
				PRODUCT_NAME = "$(TARGET_NAME)";
				SWIFT_VERSION = 5.0;
				TARGETED_DEVICE_FAMILY = "1,2";
				TEST_HOST = "$(BUILT_PRODUCTS_DIR)/TWB-ios.app/TWB-ios";
			};
			name = Release;
		};
		D3CFAC732282A7D400E58E2E /* Debug */ = {
			isa = XCBuildConfiguration;
			baseConfigurationReference = 0FF18DC9DD6BD367523061B6 /* Pods-TWB-iosUITests.debug.xcconfig */;
			buildSettings = {
				ALWAYS_EMBED_SWIFT_STANDARD_LIBRARIES = YES;
				CODE_SIGN_STYLE = Automatic;
				DEVELOPMENT_TEAM = 43YS42KYHM;
				INFOPLIST_FILE = "TWB-iosUITests/Info.plist";
				LD_RUNPATH_SEARCH_PATHS = (
					"$(inherited)",
					"@executable_path/Frameworks",
					"@loader_path/Frameworks",
				);
				PRODUCT_BUNDLE_IDENTIFIER = "twb.conwaybrian.com.twbios.TWB-iosUITests";
				PRODUCT_NAME = "$(TARGET_NAME)";
				SWIFT_VERSION = 5.0;
				TARGETED_DEVICE_FAMILY = "1,2";
				TEST_TARGET_NAME = "TWB-ios";
			};
			name = Debug;
		};
		D3CFAC742282A7D400E58E2E /* Release */ = {
			isa = XCBuildConfiguration;
			baseConfigurationReference = 7B2A94A393A20918FEA67442 /* Pods-TWB-iosUITests.release.xcconfig */;
			buildSettings = {
				ALWAYS_EMBED_SWIFT_STANDARD_LIBRARIES = YES;
				CODE_SIGN_STYLE = Automatic;
				DEVELOPMENT_TEAM = 43YS42KYHM;
				INFOPLIST_FILE = "TWB-iosUITests/Info.plist";
				LD_RUNPATH_SEARCH_PATHS = (
					"$(inherited)",
					"@executable_path/Frameworks",
					"@loader_path/Frameworks",
				);
				PRODUCT_BUNDLE_IDENTIFIER = "twb.conwaybrian.com.twbios.TWB-iosUITests";
				PRODUCT_NAME = "$(TARGET_NAME)";
				SWIFT_VERSION = 5.0;
				TARGETED_DEVICE_FAMILY = "1,2";
				TEST_TARGET_NAME = "TWB-ios";
			};
			name = Release;
		};
/* End XCBuildConfiguration section */

/* Begin XCConfigurationList section */
		D3CFAC3F2282A7D100E58E2E /* Build configuration list for PBXProject "TWB-ios" */ = {
			isa = XCConfigurationList;
			buildConfigurations = (
				D3CFAC6A2282A7D400E58E2E /* Debug */,
				D3CFAC6B2282A7D400E58E2E /* Release */,
			);
			defaultConfigurationIsVisible = 0;
			defaultConfigurationName = Release;
		};
		D3CFAC6C2282A7D400E58E2E /* Build configuration list for PBXNativeTarget "TWB-ios" */ = {
			isa = XCConfigurationList;
			buildConfigurations = (
				D3CFAC6D2282A7D400E58E2E /* Debug */,
				D3CFAC6E2282A7D400E58E2E /* Release */,
			);
			defaultConfigurationIsVisible = 0;
			defaultConfigurationName = Release;
		};
		D3CFAC6F2282A7D400E58E2E /* Build configuration list for PBXNativeTarget "TWB-iosTests" */ = {
			isa = XCConfigurationList;
			buildConfigurations = (
				D3CFAC702282A7D400E58E2E /* Debug */,
				D3CFAC712282A7D400E58E2E /* Release */,
			);
			defaultConfigurationIsVisible = 0;
			defaultConfigurationName = Release;
		};
		D3CFAC722282A7D400E58E2E /* Build configuration list for PBXNativeTarget "TWB-iosUITests" */ = {
			isa = XCConfigurationList;
			buildConfigurations = (
				D3CFAC732282A7D400E58E2E /* Debug */,
				D3CFAC742282A7D400E58E2E /* Release */,
			);
			defaultConfigurationIsVisible = 0;
			defaultConfigurationName = Release;
		};
/* End XCConfigurationList section */
	};
	rootObject = D3CFAC3C2282A7D100E58E2E /* Project object */;
}
